
Microsoft Visual Studio Solution File, Format Version 12.00
# Visual Studio 2012
Project("{FAE04EC0-301F-11D3-BF4B-00C04F79EFBC}") = "ColorSpaceConverter", "ColorSpaceConverter\ColorSpaceConverter.csproj", "{0052865C-7712-417E-B5A9-4705E670FB19}"
EndProject
Global
	GlobalSection(SolutionConfigurationPlatforms) = preSolution
		Debug|Any CPU = Debug|Any CPU
		Release|Any CPU = Release|Any CPU
	EndGlobalSection
	GlobalSection(ProjectConfigurationPlatforms) = postSolution
		{0052865C-7712-417E-B5A9-4705E670FB19}.Debug|Any CPU.ActiveCfg = Debug|Any CPU
		{0052865C-7712-417E-B5A9-4705E670FB19}.Debug|Any CPU.Build.0 = Debug|Any CPU
		{0052865C-7712-417E-B5A9-4705E670FB19}.Release|Any CPU.ActiveCfg = Release|Any CPU
		{0052865C-7712-417E-B5A9-4705E670FB19}.Release|Any CPU.Build.0 = Release|Any CPU
	EndGlobalSection
	GlobalSection(SolutionProperties) = preSolution
		HideSolutionNode = FALSE
	EndGlobalSection
EndGlobal
